
Microsoft Visual Studio Solution File, Format Version 11.00
# Visual Studio 2010
Project("{FAE04EC0-301F-11D3-BF4B-00C04F79EFBC}") = "YOYO.HRMS.Core", "YOYO.HRMS.Core\YOYO.HRMS.Core.csproj", "{137D6F46-B3C5-4133-B5F1-D61236013734}"
EndProject
Project("{FAE04EC0-301F-11D3-BF4B-00C04F79EFBC}") = "YOYO.HRMS.DataAccess", "YOYO.HRMS.DataAccess\YOYO.HRMS.DataAccess.csproj", "{52DCE93D-1F9F-4802-81E9-E0FBFAE0E4DD}"
EndProject
Project("{FAE04EC0-301F-11D3-BF4B-00C04F79EFBC}") = "YOYO.HRMS.Models", "YOYO.HRMS.Models\YOYO.HRMS.Models.csproj", "{AE451C77-39ED-4D0C-AD45-8C5C200A550D}"
EndProject
Project("{FAE04EC0-301F-11D3-BF4B-00C04F79EFBC}") = "YOYO.HRMS.BusinessLogic", "YOYO.HRMS.BusinessLogic\YOYO.HRMS.BusinessLogic.csproj", "{8E087DB5-288E-4E7B-AE5E-3D788C7DC2B9}"
EndProject
Project("{FAE04EC0-301F-11D3-BF4B-00C04F79EFBC}") = "YOYO.HRMS.Web", "YOYO.HRMS.Web\YOYO.HRMS.Web.csproj", "{D33F026F-AF5A-4693-AD69-9B6B507C21DF}"
EndProject
Project("{2150E333-8FDC-42A3-9474-1A3956D46DE8}") = "UI", "UI", "{F2FF4F1F-4040-44B0-A3CB-F59E97DAD1B2}"
EndProject
Project("{FAE04EC0-301F-11D3-BF4B-00C04F79EFBC}") = "YOYO.HRMS.Web.SystemManagement", "YOYO.HRMS.Web.SystemManagement\YOYO.HRMS.Web.SystemManagement.csproj", "{F4C88621-42C1-447B-A64C-53E7BFBB0515}"
EndProject
Project("{FAE04EC0-301F-11D3-BF4B-00C04F79EFBC}") = "YOYO.HRMS.Web.OrganizationManagement", "YOYO.HRMS.Web.OrganizationManagement\YOYO.HRMS.Web.OrganizationManagement.csproj", "{76DD90CD-4CAD-4699-9CB6-96879D4AB03C}"
EndProject
Project("{FAE04EC0-301F-11D3-BF4B-00C04F79EFBC}") = "YOYO.HRMS.Utility", "YOYO.HRMS.Utility\YOYO.HRMS.Utility.csproj", "{B676D991-75E8-4A25-8271-25AFF5BA164A}"
EndProject
Project("{FAE04EC0-301F-11D3-BF4B-00C04F79EFBC}") = "YOYO.HRMS.MVC", "YOYO.HRMS.MVC\YOYO.HRMS.MVC.csproj", "{B176C070-8CD7-4158-BE43-B6DC8A76BA0F}"
EndProject
Global
	GlobalSection(SolutionConfigurationPlatforms) = preSolution
		Debug|Any CPU = Debug|Any CPU
		Release|Any CPU = Release|Any CPU
	EndGlobalSection
	GlobalSection(ProjectConfigurationPlatforms) = postSolution
		{137D6F46-B3C5-4133-B5F1-D61236013734}.Debug|Any CPU.ActiveCfg = Debug|Any CPU
		{137D6F46-B3C5-4133-B5F1-D61236013734}.Debug|Any CPU.Build.0 = Debug|Any CPU
		{137D6F46-B3C5-4133-B5F1-D61236013734}.Release|Any CPU.ActiveCfg = Release|Any CPU
		{137D6F46-B3C5-4133-B5F1-D61236013734}.Release|Any CPU.Build.0 = Release|Any CPU
		{52DCE93D-1F9F-4802-81E9-E0FBFAE0E4DD}.Debug|Any CPU.ActiveCfg = Debug|Any CPU
		{52DCE93D-1F9F-4802-81E9-E0FBFAE0E4DD}.Debug|Any CPU.Build.0 = Debug|Any CPU
		{52DCE93D-1F9F-4802-81E9-E0FBFAE0E4DD}.Release|Any CPU.ActiveCfg = Release|Any CPU
		{52DCE93D-1F9F-4802-81E9-E0FBFAE0E4DD}.Release|Any CPU.Build.0 = Release|Any CPU
		{AE451C77-39ED-4D0C-AD45-8C5C200A550D}.Debug|Any CPU.ActiveCfg = Debug|Any CPU
		{AE451C77-39ED-4D0C-AD45-8C5C200A550D}.Debug|Any CPU.Build.0 = Debug|Any CPU
		{AE451C77-39ED-4D0C-AD45-8C5C200A550D}.Release|Any CPU.ActiveCfg = Release|Any CPU
		{AE451C77-39ED-4D0C-AD45-8C5C200A550D}.Release|Any CPU.Build.0 = Release|Any CPU
		{8E087DB5-288E-4E7B-AE5E-3D788C7DC2B9}.Debug|Any CPU.ActiveCfg = Debug|Any CPU
		{8E087DB5-288E-4E7B-AE5E-3D788C7DC2B9}.Debug|Any CPU.Build.0 = Debug|Any CPU
		{8E087DB5-288E-4E7B-AE5E-3D788C7DC2B9}.Release|Any CPU.ActiveCfg = Release|Any CPU
		{8E087DB5-288E-4E7B-AE5E-3D788C7DC2B9}.Release|Any CPU.Build.0 = Release|Any CPU
		{D33F026F-AF5A-4693-AD69-9B6B507C21DF}.Debug|Any CPU.ActiveCfg = Debug|Any CPU
		{D33F026F-AF5A-4693-AD69-9B6B507C21DF}.Debug|Any CPU.Build.0 = Debug|Any CPU
		{D33F026F-AF5A-4693-AD69-9B6B507C21DF}.Release|Any CPU.ActiveCfg = Release|Any CPU
		{D33F026F-AF5A-4693-AD69-9B6B507C21DF}.Release|Any CPU.Build.0 = Release|Any CPU
		{F4C88621-42C1-447B-A64C-53E7BFBB0515}.Debug|Any CPU.ActiveCfg = Debug|Any CPU
		{F4C88621-42C1-447B-A64C-53E7BFBB0515}.Debug|Any CPU.Build.0 = Debug|Any CPU
		{F4C88621-42C1-447B-A64C-53E7BFBB0515}.Release|Any CPU.ActiveCfg = Release|Any CPU
		{F4C88621-42C1-447B-A64C-53E7BFBB0515}.Release|Any CPU.Build.0 = Release|Any CPU
		{76DD90CD-4CAD-4699-9CB6-96879D4AB03C}.Debug|Any CPU.ActiveCfg = Debug|Any CPU
		{76DD90CD-4CAD-4699-9CB6-96879D4AB03C}.Debug|Any CPU.Build.0 = Debug|Any CPU
		{76DD90CD-4CAD-4699-9CB6-96879D4AB03C}.Release|Any CPU.ActiveCfg = Release|Any CPU
		{76DD90CD-4CAD-4699-9CB6-96879D4AB03C}.Release|Any CPU.Build.0 = Release|Any CPU
		{B676D991-75E8-4A25-8271-25AFF5BA164A}.Debug|Any CPU.ActiveCfg = Debug|Any CPU
		{B676D991-75E8-4A25-8271-25AFF5BA164A}.Debug|Any CPU.Build.0 = Debug|Any CPU
		{B676D991-75E8-4A25-8271-25AFF5BA164A}.Release|Any CPU.ActiveCfg = Release|Any CPU
		{B676D991-75E8-4A25-8271-25AFF5BA164A}.Release|Any CPU.Build.0 = Release|Any CPU
		{B176C070-8CD7-4158-BE43-B6DC8A76BA0F}.Debug|Any CPU.ActiveCfg = Debug|Any CPU
		{B176C070-8CD7-4158-BE43-B6DC8A76BA0F}.Debug|Any CPU.Build.0 = Debug|Any CPU
		{B176C070-8CD7-4158-BE43-B6DC8A76BA0F}.Release|Any CPU.ActiveCfg = Release|Any CPU
		{B176C070-8CD7-4158-BE43-B6DC8A76BA0F}.Release|Any CPU.Build.0 = Release|Any CPU
	EndGlobalSection
	GlobalSection(SolutionProperties) = preSolution
		HideSolutionNode = FALSE
	EndGlobalSection
	GlobalSection(NestedProjects) = preSolution
		{D33F026F-AF5A-4693-AD69-9B6B507C21DF} = {F2FF4F1F-4040-44B0-A3CB-F59E97DAD1B2}
		{F4C88621-42C1-447B-A64C-53E7BFBB0515} = {F2FF4F1F-4040-44B0-A3CB-F59E97DAD1B2}
		{76DD90CD-4CAD-4699-9CB6-96879D4AB03C} = {F2FF4F1F-4040-44B0-A3CB-F59E97DAD1B2}
	EndGlobalSection
EndGlobal
